
Microsoft Visual Studio Solution File, Format Version 12.00
# Visual Studio Version 17
VisualStudioVersion = 17.7.34024.191
MinimumVisualStudioVersion = 10.0.40219.1
Project("{FAE04EC0-301F-11D3-BF4B-00C04F79EFBC}") = "BookLibraryAPi", "BookLibraryAPi\BookLibraryAPi.csproj", "{98BBA88A-E03A-4902-BDC2-BD4EE46CD5C9}"
EndProject
Global
	GlobalSection(SolutionConfigurationPlatforms) = preSolution
		Debug|Any CPU = Debug|Any CPU
		Release|Any CPU = Release|Any CPU
	EndGlobalSection
	GlobalSection(ProjectConfigurationPlatforms) = postSolution
		{98BBA88A-E03A-4902-BDC2-BD4EE46CD5C9}.Debug|Any CPU.ActiveCfg = Debug|Any CPU
		{98BBA88A-E03A-4902-BDC2-BD4EE46CD5C9}.Debug|Any CPU.Build.0 = Debug|Any CPU
		{98BBA88A-E03A-4902-BDC2-BD4EE46CD5C9}.Release|Any CPU.ActiveCfg = Release|Any CPU
		{98BBA88A-E03A-4902-BDC2-BD4EE46CD5C9}.Release|Any CPU.Build.0 = Release|Any CPU
	EndGlobalSection
	GlobalSection(SolutionProperties) = preSolution
		HideSolutionNode = FALSE
	EndGlobalSection
	GlobalSection(ExtensibilityGlobals) = postSolution
		SolutionGuid = {BFFE0B88-8AF8-470A-A250-0E4B217F65A2}
	EndGlobalSection
EndGlobal
